
Microsoft Visual Studio Solution File, Format Version 12.00
# Visual Studio Version 16
VisualStudioVersion = 16.0.29709.97
MinimumVisualStudioVersion = 10.0.40219.1
Project("{9A19103F-16F7-4668-BE54-9A1E7A4F7556}") = "EmployeeManagement", "EmployeeManagement\EmployeeManagement.csproj", "{F557ADCA-3E9C-4921-ABF1-1BBD429E74BA}"
EndProject
Global
	GlobalSection(SolutionConfigurationPlatforms) = preSolution
		Debug|Any CPU = Debug|Any CPU
		Release|Any CPU = Release|Any CPU
	EndGlobalSection
	GlobalSection(ProjectConfigurationPlatforms) = postSolution
		{F557ADCA-3E9C-4921-ABF1-1BBD429E74BA}.Debug|Any CPU.ActiveCfg = Debug|Any CPU
		{F557ADCA-3E9C-4921-ABF1-1BBD429E74BA}.Debug|Any CPU.Build.0 = Debug|Any CPU
		{F557ADCA-3E9C-4921-ABF1-1BBD429E74BA}.Release|Any CPU.ActiveCfg = Release|Any CPU
		{F557ADCA-3E9C-4921-ABF1-1BBD429E74BA}.Release|Any CPU.Build.0 = Release|Any CPU
	EndGlobalSection
	GlobalSection(SolutionProperties) = preSolution
		HideSolutionNode = FALSE
	EndGlobalSection
	GlobalSection(ExtensibilityGlobals) = postSolution
		SolutionGuid = {18EE29B2-9D13-4082-B497-313C2F28C35B}
	EndGlobalSection
EndGlobal
